
Microsoft Visual Studio Solution File, Format Version 12.00
# Visual Studio Version 17
VisualStudioVersion = 17.8.34330.188
MinimumVisualStudioVersion = 10.0.40219.1
Project("{8BC9CEB8-8B4A-11D0-8D11-00A0C91BC942}") = "Program", "Program.vcxproj", "{903D7261-DC28-4239-A25B-CE8E1747C81C}"
EndProject
Project("{8BC9CEB8-8B4A-11D0-8D11-00A0C91BC942}") = "Class1st (Stream)", "..\Class1st\Class1st.vcxproj", "{4B60B644-078C-4F5B-B338-5C803C7D32BC}"
EndProject
Project("{8BC9CEB8-8B4A-11D0-8D11-00A0C91BC942}") = "Class2th (namespace)", "..\Class2th(namespace)\Class2th(namespace).vcxproj", "{74C7DACD-99E3-4351-ACB1-B183470BB2FC}"
EndProject
Project("{8BC9CEB8-8B4A-11D0-8D11-00A0C91BC942}") = "Class3th (class)", "..\Class3th (class)\Class3th (class).vcxproj", "{548CD7B3-A75E-447F-8F4D-7531EE0C5AC1}"
EndProject
Project("{8BC9CEB8-8B4A-11D0-8D11-00A0C91BC942}") = "Class4th(Copy Constructor)", "..\Class4th(CopyConstructor)\Class4th(CopyConstructor).vcxproj", "{5D04637C-3DB7-4170-A448-EFAAD259BA89}"
EndProject
Project("{8BC9CEB8-8B4A-11D0-8D11-00A0C91BC942}") = "Class6th(Encapsulation)", "..\Class6th(Encapsulation)\Class6th(Encapsulation).vcxproj", "{09C47A80-063A-4322-AEBA-2005518E3AF4}"
EndProject
Project("{8BC9CEB8-8B4A-11D0-8D11-00A0C91BC942}") = "Class8th(Polymorphism)", "..\Class8th(Polymorphism)\Class8th(Polymorphism).vcxproj", "{E73B8A1E-D78E-44B0-A7D0-26B3887B360A}"
EndProject
Project("{8BC9CEB8-8B4A-11D0-8D11-00A0C91BC942}") = "Class5th (Default Parameter)", "..\Class5th (Default Parameter)\Class5th (Default Parameter).vcxproj", "{0CB417B3-0B71-4066-AFD6-C71826F83E12}"
EndProject
Project("{8BC9CEB8-8B4A-11D0-8D11-00A0C91BC942}") = "Class7th (Inheritance)", "..\Class7th (Inheritance)\Class7th (Inheritance).vcxproj", "{734D1437-98B7-40B5-AF23-B2EA270B77FA}"
EndProject
Project("{8BC9CEB8-8B4A-11D0-8D11-00A0C91BC942}") = "Class9th (Virtual Function)", "..\Class9th (Virtual Function)\Class9th (Virtual Function).vcxproj", "{575A7351-386C-4C61-A924-F78C049B2033}"
EndProject
Project("{8BC9CEB8-8B4A-11D0-8D11-00A0C91BC942}") = "Class10th (UpCasting)", "..\Class10th (UpCasting)\Class10th (UpCasting).vcxproj", "{F083C37B-1EE8-48F2-9B71-3E7AB732A522}"
EndProject
Project("{8BC9CEB8-8B4A-11D0-8D11-00A0C91BC942}") = "Class11th (Pure Virtual Function)", "..\Class11th (Pure Virtual Function)\Class11th (Pure Virtual Function).vcxproj", "{2CE778EB-F669-49EE-843D-04AB4DE72852}"
EndProject
Project("{8BC9CEB8-8B4A-11D0-8D11-00A0C91BC942}") = "Class12th (Smart Pointer)", "..\Class12th (Smart Pointer)\Class12th (Smart Pointer).vcxproj", "{07FE37B7-A760-477B-9FE8-93EC9E6CD668}"
EndProject
Project("{8BC9CEB8-8B4A-11D0-8D11-00A0C91BC942}") = "Class13th (Template)", "..\Class13th (Template)\Class13th (Template).vcxproj", "{13E59CF9-D012-48A8-8458-A54251DC0F42}"
EndProject
Project("{8BC9CEB8-8B4A-11D0-8D11-00A0C91BC942}") = "Class14th (Virtual Inheritance)", "..\Class14th (Virtual Inheritance)\Class14th (Virtual Inheritance).vcxproj", "{305BD6C0-91F5-4BDB-9782-C943E67CBB22}"
EndProject
Project("{8BC9CEB8-8B4A-11D0-8D11-00A0C91BC942}") = "Test", "..\Test\Test.vcxproj", "{BF0C4E48-FDB3-4399-A0FC-DCFA089957A8}"
EndProject
Project("{8BC9CEB8-8B4A-11D0-8D11-00A0C91BC942}") = "Class15th (Linear Container)", "..\Class15th (Linear Container)\Class15th (Linear Container).vcxproj", "{90024E7D-9531-4CF2-BEDA-C40E6E91D0CA}"
EndProject
Global
	GlobalSection(SolutionConfigurationPlatforms) = preSolution
		Debug|x64 = Debug|x64
		Debug|x86 = Debug|x86
		Release|x64 = Release|x64
		Release|x86 = Release|x86
	EndGlobalSection
	GlobalSection(ProjectConfigurationPlatforms) = postSolution
		{903D7261-DC28-4239-A25B-CE8E1747C81C}.Debug|x64.ActiveCfg = Debug|x64
		{903D7261-DC28-4239-A25B-CE8E1747C81C}.Debug|x64.Build.0 = Debug|x64
		{903D7261-DC28-4239-A25B-CE8E1747C81C}.Debug|x86.ActiveCfg = Debug|Win32
		{903D7261-DC28-4239-A25B-CE8E1747C81C}.Debug|x86.Build.0 = Debug|Win32
		{903D7261-DC28-4239-A25B-CE8E1747C81C}.Release|x64.ActiveCfg = Release|x64
		{903D7261-DC28-4239-A25B-CE8E1747C81C}.Release|x64.Build.0 = Release|x64
		{903D7261-DC28-4239-A25B-CE8E1747C81C}.Release|x86.ActiveCfg = Release|Win32
		{903D7261-DC28-4239-A25B-CE8E1747C81C}.Release|x86.Build.0 = Release|Win32
		{4B60B644-078C-4F5B-B338-5C803C7D32BC}.Debug|x64.ActiveCfg = Debug|x64
		{4B60B644-078C-4F5B-B338-5C803C7D32BC}.Debug|x64.Build.0 = Debug|x64
		{4B60B644-078C-4F5B-B338-5C803C7D32BC}.Debug|x86.ActiveCfg = Debug|Win32
		{4B60B644-078C-4F5B-B338-5C803C7D32BC}.Debug|x86.Build.0 = Debug|Win32
		{4B60B644-078C-4F5B-B338-5C803C7D32BC}.Release|x64.ActiveCfg = Release|x64
		{4B60B644-078C-4F5B-B338-5C803C7D32BC}.Release|x64.Build.0 = Release|x64
		{4B60B644-078C-4F5B-B338-5C803C7D32BC}.Release|x86.ActiveCfg = Release|Win32
		{4B60B644-078C-4F5B-B338-5C803C7D32BC}.Release|x86.Build.0 = Release|Win32
		{74C7DACD-99E3-4351-ACB1-B183470BB2FC}.Debug|x64.ActiveCfg = Debug|x64
		{74C7DACD-99E3-4351-ACB1-B183470BB2FC}.Debug|x64.Build.0 = Debug|x64
		{74C7DACD-99E3-4351-ACB1-B183470BB2FC}.Debug|x86.ActiveCfg = Debug|Win32
		{74C7DACD-99E3-4351-ACB1-B183470BB2FC}.Debug|x86.Build.0 = Debug|Win32
		{74C7DACD-99E3-4351-ACB1-B183470BB2FC}.Release|x64.ActiveCfg = Release|x64
		{74C7DACD-99E3-4351-ACB1-B183470BB2FC}.Release|x64.Build.0 = Release|x64
		{74C7DACD-99E3-4351-ACB1-B183470BB2FC}.Release|x86.ActiveCfg = Release|Win32
		{74C7DACD-99E3-4351-ACB1-B183470BB2FC}.Release|x86.Build.0 = Release|Win32
		{548CD7B3-A75E-447F-8F4D-7531EE0C5AC1}.Debug|x64.ActiveCfg = Debug|x64
		{548CD7B3-A75E-447F-8F4D-7531EE0C5AC1}.Debug|x64.Build.0 = Debug|x64
		{548CD7B3-A75E-447F-8F4D-7531EE0C5AC1}.Debug|x86.ActiveCfg = Debug|Win32
		{548CD7B3-A75E-447F-8F4D-7531EE0C5AC1}.Debug|x86.Build.0 = Debug|Win32
		{548CD7B3-A75E-447F-8F4D-7531EE0C5AC1}.Release|x64.ActiveCfg = Release|x64
		{548CD7B3-A75E-447F-8F4D-7531EE0C5AC1}.Release|x64.Build.0 = Release|x64
		{548CD7B3-A75E-447F-8F4D-7531EE0C5AC1}.Release|x86.ActiveCfg = Release|Win32
		{548CD7B3-A75E-447F-8F4D-7531EE0C5AC1}.Release|x86.Build.0 = Release|Win32
		{5D04637C-3DB7-4170-A448-EFAAD259BA89}.Debug|x64.ActiveCfg = Debug|x64
		{5D04637C-3DB7-4170-A448-EFAAD259BA89}.Debug|x64.Build.0 = Debug|x64
		{5D04637C-3DB7-4170-A448-EFAAD259BA89}.Debug|x86.ActiveCfg = Debug|Win32
		{5D04637C-3DB7-4170-A448-EFAAD259BA89}.Debug|x86.Build.0 = Debug|Win32
		{5D04637C-3DB7-4170-A448-EFAAD259BA89}.Release|x64.ActiveCfg = Release|x64
		{5D04637C-3DB7-4170-A448-EFAAD259BA89}.Release|x64.Build.0 = Release|x64
		{5D04637C-3DB7-4170-A448-EFAAD259BA89}.Release|x86.ActiveCfg = Release|Win32
		{5D04637C-3DB7-4170-A448-EFAAD259BA89}.Release|x86.Build.0 = Release|Win32
		{09C47A80-063A-4322-AEBA-2005518E3AF4}.Debug|x64.ActiveCfg = Debug|x64
		{09C47A80-063A-4322-AEBA-2005518E3AF4}.Debug|x64.Build.0 = Debug|x64
		{09C47A80-063A-4322-AEBA-2005518E3AF4}.Debug|x86.ActiveCfg = Debug|Win32
		{09C47A80-063A-4322-AEBA-2005518E3AF4}.Debug|x86.Build.0 = Debug|Win32
		{09C47A80-063A-4322-AEBA-2005518E3AF4}.Release|x64.ActiveCfg = Release|x64
		{09C47A80-063A-4322-AEBA-2005518E3AF4}.Release|x64.Build.0 = Release|x64
		{09C47A80-063A-4322-AEBA-2005518E3AF4}.Release|x86.ActiveCfg = Release|Win32
		{09C47A80-063A-4322-AEBA-2005518E3AF4}.Release|x86.Build.0 = Release|Win32
		{E73B8A1E-D78E-44B0-A7D0-26B3887B360A}.Debug|x64.ActiveCfg = Debug|x64
		{E73B8A1E-D78E-44B0-A7D0-26B3887B360A}.Debug|x64.Build.0 = Debug|x64
		{E73B8A1E-D78E-44B0-A7D0-26B3887B360A}.Debug|x86.ActiveCfg = Debug|Win32
		{E73B8A1E-D78E-44B0-A7D0-26B3887B360A}.Debug|x86.Build.0 = Debug|Win32
		{E73B8A1E-D78E-44B0-A7D0-26B3887B360A}.Release|x64.ActiveCfg = Release|x64
		{E73B8A1E-D78E-44B0-A7D0-26B3887B360A}.Release|x64.Build.0 = Release|x64
		{E73B8A1E-D78E-44B0-A7D0-26B3887B360A}.Release|x86.ActiveCfg = Release|Win32
		{E73B8A1E-D78E-44B0-A7D0-26B3887B360A}.Release|x86.Build.0 = Release|Win32
		{0CB417B3-0B71-4066-AFD6-C71826F83E12}.Debug|x64.ActiveCfg = Debug|x64
		{0CB417B3-0B71-4066-AFD6-C71826F83E12}.Debug|x64.Build.0 = Debug|x64
		{0CB417B3-0B71-4066-AFD6-C71826F83E12}.Debug|x86.ActiveCfg = Debug|Win32
		{0CB417B3-0B71-4066-AFD6-C71826F83E12}.Debug|x86.Build.0 = Debug|Win32
		{0CB417B3-0B71-4066-AFD6-C71826F83E12}.Release|x64.ActiveCfg = Release|x64
		{0CB417B3-0B71-4066-AFD6-C71826F83E12}.Release|x64.Build.0 = Release|x64
		{0CB417B3-0B71-4066-AFD6-C71826F83E12}.Release|x86.ActiveCfg = Release|Win32
		{0CB417B3-0B71-4066-AFD6-C71826F83E12}.Release|x86.Build.0 = Release|Win32
		{734D1437-98B7-40B5-AF23-B2EA270B77FA}.Debug|x64.ActiveCfg = Debug|x64
		{734D1437-98B7-40B5-AF23-B2EA270B77FA}.Debug|x64.Build.0 = Debug|x64
		{734D1437-98B7-40B5-AF23-B2EA270B77FA}.Debug|x86.ActiveCfg = Debug|Win32
		{734D1437-98B7-40B5-AF23-B2EA270B77FA}.Debug|x86.Build.0 = Debug|Win32
		{734D1437-98B7-40B5-AF23-B2EA270B77FA}.Release|x64.ActiveCfg = Release|x64
		{734D1437-98B7-40B5-AF23-B2EA270B77FA}.Release|x64.Build.0 = Release|x64
		{734D1437-98B7-40B5-AF23-B2EA270B77FA}.Release|x86.ActiveCfg = Release|Win32
		{734D1437-98B7-40B5-AF23-B2EA270B77FA}.Release|x86.Build.0 = Release|Win32
		{575A7351-386C-4C61-A924-F78C049B2033}.Debug|x64.ActiveCfg = Debug|x64
		{575A7351-386C-4C61-A924-F78C049B2033}.Debug|x64.Build.0 = Debug|x64
		{575A7351-386C-4C61-A924-F78C049B2033}.Debug|x86.ActiveCfg = Debug|Win32
		{575A7351-386C-4C61-A924-F78C049B2033}.Debug|x86.Build.0 = Debug|Win32
		{575A7351-386C-4C61-A924-F78C049B2033}.Release|x64.ActiveCfg = Release|x64
		{575A7351-386C-4C61-A924-F78C049B2033}.Release|x64.Build.0 = Release|x64
		{575A7351-386C-4C61-A924-F78C049B2033}.Release|x86.ActiveCfg = Release|Win32
		{575A7351-386C-4C61-A924-F78C049B2033}.Release|x86.Build.0 = Release|Win32
		{F083C37B-1EE8-48F2-9B71-3E7AB732A522}.Debug|x64.ActiveCfg = Debug|x64
		{F083C37B-1EE8-48F2-9B71-3E7AB732A522}.Debug|x64.Build.0 = Debug|x64
		{F083C37B-1EE8-48F2-9B71-3E7AB732A522}.Debug|x86.ActiveCfg = Debug|Win32
		{F083C37B-1EE8-48F2-9B71-3E7AB732A522}.Debug|x86.Build.0 = Debug|Win32
		{F083C37B-1EE8-48F2-9B71-3E7AB732A522}.Release|x64.ActiveCfg = Release|x64
		{F083C37B-1EE8-48F2-9B71-3E7AB732A522}.Release|x64.Build.0 = Release|x64
		{F083C37B-1EE8-48F2-9B71-3E7AB732A522}.Release|x86.ActiveCfg = Release|Win32
		{F083C37B-1EE8-48F2-9B71-3E7AB732A522}.Release|x86.Build.0 = Release|Win32
		{2CE778EB-F669-49EE-843D-04AB4DE72852}.Debug|x64.ActiveCfg = Debug|x64
		{2CE778EB-F669-49EE-843D-04AB4DE72852}.Debug|x64.Build.0 = Debug|x64
		{2CE778EB-F669-49EE-843D-04AB4DE72852}.Debug|x86.ActiveCfg = Debug|Win32
		{2CE778EB-F669-49EE-843D-04AB4DE72852}.Debug|x86.Build.0 = Debug|Win32
		{2CE778EB-F669-49EE-843D-04AB4DE72852}.Release|x64.ActiveCfg = Release|x64
		{2CE778EB-F669-49EE-843D-04AB4DE72852}.Release|x64.Build.0 = Release|x64
		{2CE778EB-F669-49EE-843D-04AB4DE72852}.Release|x86.ActiveCfg = Release|Win32
		{2CE778EB-F669-49EE-843D-04AB4DE72852}.Release|x86.Build.0 = Release|Win32
		{07FE37B7-A760-477B-9FE8-93EC9E6CD668}.Debug|x64.ActiveCfg = Debug|x64
		{07FE37B7-A760-477B-9FE8-93EC9E6CD668}.Debug|x64.Build.0 = Debug|x64
		{07FE37B7-A760-477B-9FE8-93EC9E6CD668}.Debug|x86.ActiveCfg = Debug|Win32
		{07FE37B7-A760-477B-9FE8-93EC9E6CD668}.Debug|x86.Build.0 = Debug|Win32
		{07FE37B7-A760-477B-9FE8-93EC9E6CD668}.Release|x64.ActiveCfg = Release|x64
		{07FE37B7-A760-477B-9FE8-93EC9E6CD668}.Release|x64.Build.0 = Release|x64
		{07FE37B7-A760-477B-9FE8-93EC9E6CD668}.Release|x86.ActiveCfg = Release|Win32
		{07FE37B7-A760-477B-9FE8-93EC9E6CD668}.Release|x86.Build.0 = Release|Win32
		{13E59CF9-D012-48A8-8458-A54251DC0F42}.Debug|x64.ActiveCfg = Debug|x64
		{13E59CF9-D012-48A8-8458-A54251DC0F42}.Debug|x64.Build.0 = Debug|x64
		{13E59CF9-D012-48A8-8458-A54251DC0F42}.Debug|x86.ActiveCfg = Debug|Win32
		{13E59CF9-D012-48A8-8458-A54251DC0F42}.Debug|x86.Build.0 = Debug|Win32
		{13E59CF9-D012-48A8-8458-A54251DC0F42}.Release|x64.ActiveCfg = Release|x64
		{13E59CF9-D012-48A8-8458-A54251DC0F42}.Release|x64.Build.0 = Release|x64
		{13E59CF9-D012-48A8-8458-A54251DC0F42}.Release|x86.ActiveCfg = Release|Win32
		{13E59CF9-D012-48A8-8458-A54251DC0F42}.Release|x86.Build.0 = Release|Win32
		{305BD6C0-91F5-4BDB-9782-C943E67CBB22}.Debug|x64.ActiveCfg = Debug|x64
		{305BD6C0-91F5-4BDB-9782-C943E67CBB22}.Debug|x64.Build.0 = Debug|x64
		{305BD6C0-91F5-4BDB-9782-C943E67CBB22}.Debug|x86.ActiveCfg = Debug|Win32
		{305BD6C0-91F5-4BDB-9782-C943E67CBB22}.Debug|x86.Build.0 = Debug|Win32
		{305BD6C0-91F5-4BDB-9782-C943E67CBB22}.Release|x64.ActiveCfg = Release|x64
		{305BD6C0-91F5-4BDB-9782-C943E67CBB22}.Release|x64.Build.0 = Release|x64
		{305BD6C0-91F5-4BDB-9782-C943E67CBB22}.Release|x86.ActiveCfg = Release|Win32
		{305BD6C0-91F5-4BDB-9782-C943E67CBB22}.Release|x86.Build.0 = Release|Win32
		{BF0C4E48-FDB3-4399-A0FC-DCFA089957A8}.Debug|x64.ActiveCfg = Debug|x64
		{BF0C4E48-FDB3-4399-A0FC-DCFA089957A8}.Debug|x64.Build.0 = Debug|x64
		{BF0C4E48-FDB3-4399-A0FC-DCFA089957A8}.Debug|x86.ActiveCfg = Debug|Win32
		{BF0C4E48-FDB3-4399-A0FC-DCFA089957A8}.Debug|x86.Build.0 = Debug|Win32
		{BF0C4E48-FDB3-4399-A0FC-DCFA089957A8}.Release|x64.ActiveCfg = Release|x64
		{BF0C4E48-FDB3-4399-A0FC-DCFA089957A8}.Release|x64.Build.0 = Release|x64
		{BF0C4E48-FDB3-4399-A0FC-DCFA089957A8}.Release|x86.ActiveCfg = Release|Win32
		{BF0C4E48-FDB3-4399-A0FC-DCFA089957A8}.Release|x86.Build.0 = Release|Win32
		{90024E7D-9531-4CF2-BEDA-C40E6E91D0CA}.Debug|x64.ActiveCfg = Debug|x64
		{90024E7D-9531-4CF2-BEDA-C40E6E91D0CA}.Debug|x64.Build.0 = Debug|x64
		{90024E7D-9531-4CF2-BEDA-C40E6E91D0CA}.Debug|x86.ActiveCfg = Debug|Win32
		{90024E7D-9531-4CF2-BEDA-C40E6E91D0CA}.Debug|x86.Build.0 = Debug|Win32
		{90024E7D-9531-4CF2-BEDA-C40E6E91D0CA}.Release|x64.ActiveCfg = Release|x64
		{90024E7D-9531-4CF2-BEDA-C40E6E91D0CA}.Release|x64.Build.0 = Release|x64
		{90024E7D-9531-4CF2-BEDA-C40E6E91D0CA}.Release|x86.ActiveCfg = Release|Win32
		{90024E7D-9531-4CF2-BEDA-C40E6E91D0CA}.Release|x86.Build.0 = Release|Win32
	EndGlobalSection
	GlobalSection(SolutionProperties) = preSolution
		HideSolutionNode = FALSE
	EndGlobalSection
	GlobalSection(ExtensibilityGlobals) = postSolution
		SolutionGuid = {D8572350-126C-423D-8157-96FB0A547884}
	EndGlobalSection
EndGlobal
